
Microsoft Visual Studio Solution File, Format Version 12.00
# Visual Studio Version 16
VisualStudioVersion = 16.0.31424.327
MinimumVisualStudioVersion = 10.0.40219.1
Project("{FAE04EC0-301F-11D3-BF4B-00C04F79EFBC}") = "ConceptMapper", "ConceptMapper\ConceptMapper.csproj", "{0A9B9728-DBF1-4540-A575-610E75F1C309}"
EndProject
Global
	GlobalSection(SolutionConfigurationPlatforms) = preSolution
		Debug|Any CPU = Debug|Any CPU
		Release|Any CPU = Release|Any CPU
	EndGlobalSection
	GlobalSection(ProjectConfigurationPlatforms) = postSolution
		{0A9B9728-DBF1-4540-A575-610E75F1C309}.Debug|Any CPU.ActiveCfg = Debug|Any CPU
		{0A9B9728-DBF1-4540-A575-610E75F1C309}.Debug|Any CPU.Build.0 = Debug|Any CPU
		{0A9B9728-DBF1-4540-A575-610E75F1C309}.Release|Any CPU.ActiveCfg = Release|Any CPU
		{0A9B9728-DBF1-4540-A575-610E75F1C309}.Release|Any CPU.Build.0 = Release|Any CPU
	EndGlobalSection
	GlobalSection(SolutionProperties) = preSolution
		HideSolutionNode = FALSE
	EndGlobalSection
	GlobalSection(ExtensibilityGlobals) = postSolution
		SolutionGuid = {056E9A10-6376-4F4D-8BE8-A1B33C9C723F}
	EndGlobalSection
EndGlobal
